
Microsoft Visual Studio Solution File, Format Version 12.00
# Visual Studio Version 16
VisualStudioVersion = 16.0.31515.178
MinimumVisualStudioVersion = 10.0.40219.1
Project("{9A19103F-16F7-4668-BE54-9A1E7A4F7556}") = "RLib.Tsp.Sample", "samples\RLib.Tsp.Sample\RLib.Tsp.Sample.csproj", "{313272DC-6FFC-4F01-B03C-41345351DDB9}"
EndProject
Project("{9A19103F-16F7-4668-BE54-9A1E7A4F7556}") = "RLib.Tsp", "src\RLib.Tsp\RLib.Tsp.csproj", "{F585C0F4-C816-466D-B1F0-81A23A232213}"
EndProject
Project("{9A19103F-16F7-4668-BE54-9A1E7A4F7556}") = "RLib.Tsp.UnitTests", "tests\RLib.Tsp.UnitTests\RLib.Tsp.UnitTests.csproj", "{6A8168BA-6B13-4E61-954F-87ACF764AF5E}"
EndProject
Project("{2150E333-8FDC-42A3-9474-1A3956D46DE8}") = "Solution Items", "Solution Items", "{96884CE6-7046-4FC3-B52F-505DA4E3128C}"
	ProjectSection(SolutionItems) = preProject
		LICENSE.txt = LICENSE.txt
		readme.md = readme.md
	EndProjectSection
EndProject
Global
	GlobalSection(SolutionConfigurationPlatforms) = preSolution
		Debug|Any CPU = Debug|Any CPU
		Release|Any CPU = Release|Any CPU
	EndGlobalSection
	GlobalSection(ProjectConfigurationPlatforms) = postSolution
		{313272DC-6FFC-4F01-B03C-41345351DDB9}.Debug|Any CPU.ActiveCfg = Debug|Any CPU
		{313272DC-6FFC-4F01-B03C-41345351DDB9}.Debug|Any CPU.Build.0 = Debug|Any CPU
		{313272DC-6FFC-4F01-B03C-41345351DDB9}.Release|Any CPU.ActiveCfg = Release|Any CPU
		{313272DC-6FFC-4F01-B03C-41345351DDB9}.Release|Any CPU.Build.0 = Release|Any CPU
		{F585C0F4-C816-466D-B1F0-81A23A232213}.Debug|Any CPU.ActiveCfg = Debug|Any CPU
		{F585C0F4-C816-466D-B1F0-81A23A232213}.Debug|Any CPU.Build.0 = Debug|Any CPU
		{F585C0F4-C816-466D-B1F0-81A23A232213}.Release|Any CPU.ActiveCfg = Release|Any CPU
		{F585C0F4-C816-466D-B1F0-81A23A232213}.Release|Any CPU.Build.0 = Release|Any CPU
		{6A8168BA-6B13-4E61-954F-87ACF764AF5E}.Debug|Any CPU.ActiveCfg = Debug|Any CPU
		{6A8168BA-6B13-4E61-954F-87ACF764AF5E}.Debug|Any CPU.Build.0 = Debug|Any CPU
		{6A8168BA-6B13-4E61-954F-87ACF764AF5E}.Release|Any CPU.ActiveCfg = Release|Any CPU
		{6A8168BA-6B13-4E61-954F-87ACF764AF5E}.Release|Any CPU.Build.0 = Release|Any CPU
	EndGlobalSection
	GlobalSection(SolutionProperties) = preSolution
		HideSolutionNode = FALSE
	EndGlobalSection
	GlobalSection(ExtensibilityGlobals) = postSolution
		SolutionGuid = {9D70B2EA-0DFC-4DB8-9CCF-0BAB6EEBAD03}
	EndGlobalSection
EndGlobal
