
Microsoft Visual Studio Solution File, Format Version 12.00
# Visual Studio Version 16
VisualStudioVersion = 16.0.31515.178
MinimumVisualStudioVersion = 10.0.40219.1
Project("{FAE04EC0-301F-11D3-BF4B-00C04F79EFBC}") = "RTsp.ConsoleApp", "RTsp.ConsoleApp\RTsp.ConsoleApp.csproj", "{313272DC-6FFC-4F01-B03C-41345351DDB9}"
EndProject
Project("{FAE04EC0-301F-11D3-BF4B-00C04F79EFBC}") = "RTsp.Application", "RTsp.Application\RTsp.Application.csproj", "{F585C0F4-C816-466D-B1F0-81A23A232213}"
EndProject
Global
	GlobalSection(SolutionConfigurationPlatforms) = preSolution
		Debug|Any CPU = Debug|Any CPU
		Release|Any CPU = Release|Any CPU
	EndGlobalSection
	GlobalSection(ProjectConfigurationPlatforms) = postSolution
		{313272DC-6FFC-4F01-B03C-41345351DDB9}.Debug|Any CPU.ActiveCfg = Debug|Any CPU
		{313272DC-6FFC-4F01-B03C-41345351DDB9}.Debug|Any CPU.Build.0 = Debug|Any CPU
		{313272DC-6FFC-4F01-B03C-41345351DDB9}.Release|Any CPU.ActiveCfg = Release|Any CPU
		{313272DC-6FFC-4F01-B03C-41345351DDB9}.Release|Any CPU.Build.0 = Release|Any CPU
		{F585C0F4-C816-466D-B1F0-81A23A232213}.Debug|Any CPU.ActiveCfg = Debug|Any CPU
		{F585C0F4-C816-466D-B1F0-81A23A232213}.Debug|Any CPU.Build.0 = Debug|Any CPU
		{F585C0F4-C816-466D-B1F0-81A23A232213}.Release|Any CPU.ActiveCfg = Release|Any CPU
		{F585C0F4-C816-466D-B1F0-81A23A232213}.Release|Any CPU.Build.0 = Release|Any CPU
	EndGlobalSection
	GlobalSection(SolutionProperties) = preSolution
		HideSolutionNode = FALSE
	EndGlobalSection
	GlobalSection(ExtensibilityGlobals) = postSolution
		SolutionGuid = {9D70B2EA-0DFC-4DB8-9CCF-0BAB6EEBAD03}
	EndGlobalSection
EndGlobal
